
Microsoft Visual Studio Solution File, Format Version 12.00
# Visual Studio Version 17
VisualStudioVersion = 17.11.35327.3
MinimumVisualStudioVersion = 10.0.40219.1
Project("{FAE04EC0-301F-11D3-BF4B-00C04F79EFBC}") = "Dialog Types", "Dialog Types\Dialog Types.csproj", "{4C11689A-0532-4458-812E-F1F9430E660B}"
EndProject
Global
	GlobalSection(SolutionConfigurationPlatforms) = preSolution
		Debug|Any CPU = Debug|Any CPU
		Release|Any CPU = Release|Any CPU
	EndGlobalSection
	GlobalSection(ProjectConfigurationPlatforms) = postSolution
		{4C11689A-0532-4458-812E-F1F9430E660B}.Debug|Any CPU.ActiveCfg = Debug|Any CPU
		{4C11689A-0532-4458-812E-F1F9430E660B}.Debug|Any CPU.Build.0 = Debug|Any CPU
		{4C11689A-0532-4458-812E-F1F9430E660B}.Release|Any CPU.ActiveCfg = Release|Any CPU
		{4C11689A-0532-4458-812E-F1F9430E660B}.Release|Any CPU.Build.0 = Release|Any CPU
	EndGlobalSection
	GlobalSection(SolutionProperties) = preSolution
		HideSolutionNode = FALSE
	EndGlobalSection
	GlobalSection(ExtensibilityGlobals) = postSolution
		SolutionGuid = {DCCB7A1A-FAFE-4E71-86AD-0ADD98E380E2}
	EndGlobalSection
EndGlobal
